# This file was autogenerated by Stack.
# You should not edit this file by hand.
# For more information, please see the documentation at:
#   https://docs.haskellstack.org/en/stable/lock_files

packages: []
snapshots:
- completed:
    sha256: 078461061fce8a779a6d4783670f5c5cf4d54b20397e1d376629d73e6fffceb7
    size: 644555
    url: https://raw.githubusercontent.com/commercialhaskell/stackage-snapshots/master/nightly/2024/6/1.yaml
  original: nightly-2024-06-01
